Microsoft Visual Studio Solution File, Format Version 12.00
# Visual Studio 15
VisualStudioVersion = 15.0.26124.0
MinimumVisualStudioVersion = 15.0.26124.0
Project("{FAE04EC0-301F-11D3-BF4B-00C04F79EFBC}") = "RecM.Client", "Client\RecM.Client.csproj", "{8A9ED1D3-4469-4567-AE4C-8261D4C1ACC1}"
EndProject
Project("{FAE04EC0-301F-11D3-BF4B-00C04F79EFBC}") = "RecM.Server", "Server\RecM.Server.csproj", "{82637437-F1E0-4E45-BEB9-780CEC09E1D9}"
EndProject
Global
	GlobalSection(SolutionConfigurationPlatforms) = preSolution
		Debug|Any CPU = Debug|Any CPU
		Release|Any CPU = Release|Any CPU
	EndGlobalSection
	GlobalSection(SolutionProperties) = preSolution
		HideSolutionNode = FALSE
	EndGlobalSection
	GlobalSection(ProjectConfigurationPlatforms) = postSolution
		{8A9ED1D3-4469-4567-AE4C-8261D4C1ACC1}.Debug|Any CPU.ActiveCfg = Debug|Any CPU
		{8A9ED1D3-4469-4567-AE4C-8261D4C1ACC1}.Debug|Any CPU.Build.0 = Debug|Any CPU
		{8A9ED1D3-4469-4567-AE4C-8261D4C1ACC1}.Release|Any CPU.ActiveCfg = Release|Any CPU
		{8A9ED1D3-4469-4567-AE4C-8261D4C1ACC1}.Release|Any CPU.Build.0 = Release|Any CPU
		{82637437-F1E0-4E45-BEB9-780CEC09E1D9}.Debug|Any CPU.ActiveCfg = Debug|Any CPU
		{82637437-F1E0-4E45-BEB9-780CEC09E1D9}.Debug|Any CPU.Build.0 = Debug|Any CPU
		{82637437-F1E0-4E45-BEB9-780CEC09E1D9}.Release|Any CPU.ActiveCfg = Release|Any CPU
		{82637437-F1E0-4E45-BEB9-780CEC09E1D9}.Release|Any CPU.Build.0 = Release|Any CPU
	EndGlobalSection
EndGlobal
